// !$*UTF8*$!
{
	archiveVersion = 1;
	classes = {
	};
	objectVersion = 46;
	objects = {

/* Begin PBXBuildFile section */
		9CD40B121E70BF660071DF54 /* FrancoisOne.ttf in Resources */ = {isa = PBXBuildFile; fileRef = 9CD40B111E70BF660071DF54 /* FrancoisOne.ttf */; };
		9CEA06991E6D20340021D549 /* AppDelegate.swift in Sources */ = {isa = PBXBuildFile; fileRef = 9CEA06981E6D20340021D549 /* AppDelegate.swift */; };
		9CEA069E1E6D20340021D549 /* Main.storyboard in Resources */ = {isa = PBXBuildFile; fileRef = 9CEA069C1E6D20340021D549 /* Main.storyboard */; };
		9CEA06A01E6D20340021D549 /* Assets.xcassets in Resources */ = {isa = PBXBuildFile; fileRef = 9CEA069F1E6D20340021D549 /* Assets.xcassets */; };
		9CEA06A31E6D20340021D549 /* LaunchScreen.storyboard in Resources */ = {isa = PBXBuildFile; fileRef = 9CEA06A11E6D20340021D549 /* LaunchScreen.storyboard */; };
		9CEA06AB1E6D23590021D549 /* ViewController.swift in Sources */ = {isa = PBXBuildFile; fileRef = 9CEA06AA1E6D23590021D549 /* ViewController.swift */; };
		9CEA06AD1E6D240C0021D549 /* mainTitle.swift in Sources */ = {isa = PBXBuildFile; fileRef = 9CEA06AC1E6D240C0021D549 /* mainTitle.swift */; };
		9CEA06AF1E6D241B0021D549 /* chapterOne.swift in Sources */ = {isa = PBXBuildFile; fileRef = 9CEA06AE1E6D241B0021D549 /* chapterOne.swift */; };
		9CEA06B11E6D24250021D549 /* chapterTwo.swift in Sources */ = {isa = PBXBuildFile; fileRef = 9CEA06B01E6D24250021D549 /* chapterTwo.swift */; };
		9CEA06B31E6D242E0021D549 /* chapterThree.swift in Sources */ = {isa = PBXBuildFile; fileRef = 9CEA06B21E6D242E0021D549 /* chapterThree.swift */; };
		9CEA06B51E6D24360021D549 /* chapterFour.swift in Sources */ = {isa = PBXBuildFile; fileRef = 9CEA06B41E6D24360021D549 /* chapterFour.swift */; };
		9CEA06B71E6D24430021D549 /* chapterFive.swift in Sources */ = {isa = PBXBuildFile; fileRef = 9CEA06B61E6D24430021D549 /* chapterFive.swift */; };
		9CEA06B91E6D24520021D549 /* chapterSix.swift in Sources */ = {isa = PBXBuildFile; fileRef = 9CEA06B81E6D24520021D549 /* chapterSix.swift */; };
/* End PBXBuildFile section */

/* Begin PBXFileReference section */
		9CD40B111E70BF660071DF54 /* FrancoisOne.ttf */ = {isa = PBXFileReference; lastKnownFileType = file; name = FrancoisOne.ttf; path = "../../../../Downloads/francois-one/FrancoisOne.ttf"; sourceTree = "<group>"; };
		9CEA06951E6D20340021D549 /* OMAM.app */ = {isa = PBXFileReference; explicitFileType = wrapper.application; includeInIndex = 0; path = OMAM.app; sourceTree = BUILT_PRODUCTS_DIR; };
		9CEA06981E6D20340021D549 /* AppDelegate.swift */ = {isa = PBXFileReference; lastKnownFileType = sourcecode.swift; path = AppDelegate.swift; sourceTree = "<group>"; };
		9CEA069D1E6D20340021D549 /* Base */ = {isa = PBXFileReference; lastKnownFileType = file.storyboard; name = Base; path = Base.lproj/Main.storyboard; sourceTree = "<group>"; };
		9CEA069F1E6D20340021D549 /* Assets.xcassets */ = {isa = PBXFileReference; lastKnownFileType = folder.assetcatalog; path = Assets.xcassets; sourceTree = "<group>"; };
		9CEA06A21E6D20340021D549 /* Base */ = {isa = PBXFileReference; lastKnownFileType = file.storyboard; name = Base; path = Base.lproj/LaunchScreen.storyboard; sourceTree = "<group>"; };
		9CEA06A41E6D20340021D549 /* Info.plist */ = {isa = PBXFileReference; lastKnownFileType = text.plist.xml; path = Info.plist; sourceTree = "<group>"; };
		9CEA06AA1E6D23590021D549 /* ViewController.swift */ = {isa = PBXFileReference; fileEncoding = 4; lastKnownFileType = sourcecode.swift; path = ViewController.swift; sourceTree = "<group>"; };
		9CEA06AC1E6D240C0021D549 /* mainTitle.swift */ = {isa = PBXFileReference; fileEncoding = 4; lastKnownFileType = sourcecode.swift; name = mainTitle.swift; path = ../mainTitle.swift; sourceTree = "<group>"; };
		9CEA06AE1E6D241B0021D549 /* chapterOne.swift */ = {isa = PBXFileReference; fileEncoding = 4; lastKnownFileType = sourcecode.swift; path = chapterOne.swift; sourceTree = "<group>"; };
		9CEA06B01E6D24250021D549 /* chapterTwo.swift */ = {isa = PBXFileReference; fileEncoding = 4; lastKnownFileType = sourcecode.swift; path = chapterTwo.swift; sourceTree = "<group>"; };
		9CEA06B21E6D242E0021D549 /* chapterThree.swift */ = {isa = PBXFileReference; fileEncoding = 4; lastKnownFileType = sourcecode.swift; path = chapterThree.swift; sourceTree = "<group>"; };
		9CEA06B41E6D24360021D549 /* chapterFour.swift */ = {isa = PBXFileReference; fileEncoding = 4; lastKnownFileType = sourcecode.swift; path = chapterFour.swift; sourceTree = "<group>"; };
		9CEA06B61E6D24430021D549 /* chapterFive.swift */ = {isa = PBXFileReference; fileEncoding = 4; lastKnownFileType = sourcecode.swift; path = chapterFive.swift; sourceTree = "<group>"; };
		9CEA06B81E6D24520021D549 /* chapterSix.swift */ = {isa = PBXFileReference; fileEncoding = 4; lastKnownFileType = sourcecode.swift; path = chapterSix.swift; sourceTree = "<group>"; };
/* End PBXFileReference section */

/* Begin PBXFrameworksBuildPhase section */
		9CEA06921E6D20340021D549 /* Frameworks */ = {
			isa = PBXFrameworksBuildPhase;
			buildActionMask = 2147483647;
			files = (
			);
			runOnlyForDeploymentPostprocessing = 0;
		};
/* End PBXFrameworksBuildPhase section */

/* Begin PBXGroup section */
		9CEA068C1E6D20340021D549 = {
			isa = PBXGroup;
			children = (
				9CD40B111E70BF660071DF54 /* FrancoisOne.ttf */,
				9CEA06971E6D20340021D549 /* OMAM */,
				9CEA06961E6D20340021D549 /* Products */,
			);
			sourceTree = "<group>";
		};
		9CEA06961E6D20340021D549 /* Products */ = {
			isa = PBXGroup;
			children = (
				9CEA06951E6D20340021D549 /* OMAM.app */,
			);
			name = Products;
			sourceTree = "<group>";
		};
		9CEA06971E6D20340021D549 /* OMAM */ = {
			isa = PBXGroup;
			children = (
				9CEA06981E6D20340021D549 /* AppDelegate.swift */,
				9CEA06AA1E6D23590021D549 /* ViewController.swift */,
				9CEA069C1E6D20340021D549 /* Main.storyboard */,
				9CEA06AC1E6D240C0021D549 /* mainTitle.swift */,
				9CEA06AE1E6D241B0021D549 /* chapterOne.swift */,
				9CEA06B01E6D24250021D549 /* chapterTwo.swift */,
				9CEA06B21E6D242E0021D549 /* chapterThree.swift */,
				9CEA06B41E6D24360021D549 /* chapterFour.swift */,
				9CEA06B61E6D24430021D549 /* chapterFive.swift */,
				9CEA06B81E6D24520021D549 /* chapterSix.swift */,
				9CEA069F1E6D20340021D549 /* Assets.xcassets */,
				9CEA06A11E6D20340021D549 /* LaunchScreen.storyboard */,
				9CEA06A41E6D20340021D549 /* Info.plist */,
			);
			path = OMAM;
			sourceTree = "<group>";
		};
/* End PBXGroup section */

/* Begin PBXNativeTarget section */
		9CEA06941E6D20340021D549 /* OMAM */ = {
			isa = PBXNativeTarget;
			buildConfigurationList = 9CEA06A71E6D20340021D549 /* Build configuration list for PBXNativeTarget "OMAM" */;
			buildPhases = (
				9CEA06911E6D20340021D549 /* Sources */,
				9CEA06921E6D20340021D549 /* Frameworks */,
				9CEA06931E6D20340021D549 /* Resources */,
			);
			buildRules = (
			);
			dependencies = (
			);
			name = OMAM;
			productName = OMAM;
			productReference = 9CEA06951E6D20340021D549 /* OMAM.app */;
			productType = "com.apple.product-type.application";
		};
/* End PBXNativeTarget section */

/* Begin PBXProject section */
		9CEA068D1E6D20340021D549 /* Project object */ = {
			isa = PBXProject;
			attributes = {
				LastSwiftUpdateCheck = 0820;
				LastUpgradeCheck = 0820;
				ORGANIZATIONNAME = "Amanda Southworth";
				TargetAttributes = {
					9CEA06941E6D20340021D549 = {
						CreatedOnToolsVersion = 8.2.1;
						DevelopmentTeam = 2842XZ94V9;
						ProvisioningStyle = Automatic;
					};
				};
			};
			buildConfigurationList = 9CEA06901E6D20340021D549 /* Build configuration list for PBXProject "OMAM" */;
			compatibilityVersion = "Xcode 3.2";
			developmentRegion = English;
			hasScannedForEncodings = 0;
			knownRegions = (
				en,
				Base,
			);
			mainGroup = 9CEA068C1E6D20340021D549;
			productRefGroup = 9CEA06961E6D20340021D549 /* Products */;
			projectDirPath = "";
			projectRoot = "";
			targets = (
				9CEA06941E6D20340021D549 /* OMAM */,
			);
		};
/* End PBXProject section */

/* Begin PBXResourcesBuildPhase section */
		9CEA06931E6D20340021D549 /* Resources */ = {
			isa = PBXResourcesBuildPhase;
			buildActionMask = 2147483647;
			files = (
				9CEA06A31E6D20340021D549 /* LaunchScreen.storyboard in Resources */,
				9CEA06A01E6D20340021D549 /* Assets.xcassets in Resources */,
				9CD40B121E70BF660071DF54 /* FrancoisOne.ttf in Resources */,
				9CEA069E1E6D20340021D549 /* Main.storyboard in Resources */,
			);
			runOnlyForDeploymentPostprocessing = 0;
		};
/* End PBXResourcesBuildPhase section */

/* Begin PBXSourcesBuildPhase section */
		9CEA06911E6D20340021D549 /* Sources */ = {
			isa = PBXSourcesBuildPhase;
			buildActionMask = 2147483647;
			files = (
				9CEA06B31E6D242E0021D549 /* chapterThree.swift in Sources */,
				9CEA06AF1E6D241B0021D549 /* chapterOne.swift in Sources */,
				9CEA06AD1E6D240C0021D549 /* mainTitle.swift in Sources */,
				9CEA06B11E6D24250021D549 /* chapterTwo.swift in Sources */,
				9CEA06AB1E6D23590021D549 /* ViewController.swift in Sources */,
				9CEA06B71E6D24430021D549 /* chapterFive.swift in Sources */,
				9CEA06991E6D20340021D549 /* AppDelegate.swift in Sources */,
				9CEA06B91E6D24520021D549 /* chapterSix.swift in Sources */,
				9CEA06B51E6D24360021D549 /* chapterFour.swift in Sources */,
			);
			runOnlyForDeploymentPostprocessing = 0;
		};
/* End PBXSourcesBuildPhase section */

/* Begin PBXVariantGroup section */
		9CEA069C1E6D20340021D549 /* Main.storyboard */ = {
			isa = PBXVariantGroup;
			children = (
				9CEA069D1E6D20340021D549 /* Base */,
			);
			name = Main.storyboard;
			sourceTree = "<group>";
		};
		9CEA06A11E6D20340021D549 /* LaunchScreen.storyboard */ = {
			isa = PBXVariantGroup;
			children = (
				9CEA06A21E6D20340021D549 /* Base */,
			);
			name = LaunchScreen.storyboard;
			sourceTree = "<group>";
		};
/* End PBXVariantGroup section */

/* Begin XCBuildConfiguration section */
		9CEA06A51E6D20340021D549 /* Debug */ = {
			isa = XCBuildConfiguration;
			buildSettings = {
				ALWAYS_SEARCH_USER_PATHS = NO;
				CLANG_ANALYZER_NONNULL = YES;
				CLANG_CXX_LANGUAGE_STANDARD = "gnu++0x";
				CLANG_CXX_LIBRARY = "libc++";
				CLANG_ENABLE_MODULES = YES;
				CLANG_ENABLE_OBJC_ARC = YES;
				CLANG_WARN_BOOL_CONVERSION = YES;
				CLANG_WARN_CONSTANT_CONVERSION = YES;
				CLANG_WARN_DIRECT_OBJC_ISA_USAGE = YES_ERROR;
				CLANG_WARN_DOCUMENTATION_COMMENTS = YES;
				CLANG_WARN_EMPTY_BODY = YES;
				CLANG_WARN_ENUM_CONVERSION = YES;
				CLANG_WARN_INFINITE_RECURSION = YES;
				CLANG_WARN_INT_CONVERSION = YES;
				CLANG_WARN_OBJC_ROOT_CLASS = YES_ERROR;
				CLANG_WARN_SUSPICIOUS_MOVE = YES;
				CLANG_WARN_UNREACHABLE_CODE = YES;
				CLANG_WARN__DUPLICATE_METHOD_MATCH = YES;
				"CODE_SIGN_IDENTITY[sdk=iphoneos*]" = "iPhone Developer";
				COPY_PHASE_STRIP = NO;
				DEBUG_INFORMATION_FORMAT = dwarf;
				ENABLE_STRICT_OBJC_MSGSEND = YES;
				ENABLE_TESTABILITY = YES;
				GCC_C_LANGUAGE_STANDARD = gnu99;
				GCC_DYNAMIC_NO_PIC = NO;
				GCC_NO_COMMON_BLOCKS = YES;
				GCC_OPTIMIZATION_LEVEL = 0;
				GCC_PREPROCESSOR_DEFINITIONS = (
					"DEBUG=1",
					"$(inherited)",
				);
				GCC_WARN_64_TO_32_BIT_CONVERSION = YES;
				GCC_WARN_ABOUT_RETURN_TYPE = YES_ERROR;
				GCC_WARN_UNDECLARED_SELECTOR = YES;
				GCC_WARN_UNINITIALIZED_AUTOS = YES_AGGRESSIVE;
				GCC_WARN_UNUSED_FUNCTION = YES;
				GCC_WARN_UNUSED_VARIABLE = YES;
				IPHONEOS_DEPLOYMENT_TARGET = 10.2;
				MTL_ENABLE_DEBUG_INFO = YES;
				ONLY_ACTIVE_ARCH = YES;
				SDKROOT = iphoneos;
				SWIFT_ACTIVE_COMPILATION_CONDITIONS = DEBUG;
				SWIFT_OPTIMIZATION_LEVEL = "-Onone";
			};
			name = Debug;
		};
		9CEA06A61E6D20340021D549 /* Release */ = {
			isa = XCBuildConfiguration;
			buildSettings = {
				ALWAYS_SEARCH_USER_PATHS = NO;
				CLANG_ANALYZER_NONNULL = YES;
				CLANG_CXX_LANGUAGE_STANDARD = "gnu++0x";
				CLANG_CXX_LIBRARY = "libc++";
				CLANG_ENABLE_MODULES = YES;
				CLANG_ENABLE_OBJC_ARC = YES;
				CLANG_WARN_BOOL_CONVERSION = YES;
				CLANG_WARN_CONSTANT_CONVERSION = YES;
				CLANG_WARN_DIRECT_OBJC_ISA_USAGE = YES_ERROR;
				CLANG_WARN_DOCUMENTATION_COMMENTS = YES;
				CLANG_WARN_EMPTY_BODY = YES;
				CLANG_WARN_ENUM_CONVERSION = YES;
				CLANG_WARN_INFINITE_RECURSION = YES;
				CLANG_WARN_INT_CONVERSION = YES;
				CLANG_WARN_OBJC_ROOT_CLASS = YES_ERROR;
				CLANG_WARN_SUSPICIOUS_MOVE = YES;
				CLANG_WARN_UNREACHABLE_CODE = YES;
				CLANG_WARN__DUPLICATE_METHOD_MATCH = YES;
				"CODE_SIGN_IDENTITY[sdk=iphoneos*]" = "iPhone Developer";
				COPY_PHASE_STRIP = NO;
				DEBUG_INFORMATION_FORMAT = "dwarf-with-dsym";
				ENABLE_NS_ASSERTIONS = NO;
				ENABLE_STRICT_OBJC_MSGSEND = YES;
				GCC_C_LANGUAGE_STANDARD = gnu99;
				GCC_NO_COMMON_BLOCKS = YES;
				GCC_WARN_64_TO_32_BIT_CONVERSION = YES;
				GCC_WARN_ABOUT_RETURN_TYPE = YES_ERROR;
				GCC_WARN_UNDECLARED_SELECTOR = YES;
				GCC_WARN_UNINITIALIZED_AUTOS = YES_AGGRESSIVE;
				GCC_WARN_UNUSED_FUNCTION = YES;
				GCC_WARN_UNUSED_VARIABLE = YES;
				IPHONEOS_DEPLOYMENT_TARGET = 10.2;
				MTL_ENABLE_DEBUG_INFO = NO;
				SDKROOT = iphoneos;
				SWIFT_OPTIMIZATION_LEVEL = "-Owholemodule";
				VALIDATE_PRODUCT = YES;
			};
			name = Release;
		};
		9CEA06A81E6D20340021D549 /* Debug */ = {
			isa = XCBuildConfiguration;
			buildSettings = {
				ASSETCATALOG_COMPILER_APPICON_NAME = AppIcon;
				DEVELOPMENT_TEAM = 2842XZ94V9;
				INFOPLIST_FILE = OMAM/Info.plist;
				LD_RUNPATH_SEARCH_PATHS = "$(inherited) @executable_path/Frameworks";
				PRODUCT_BUNDLE_IDENTIFIER = com.AmandaSouthworth.OMAM;
				PRODUCT_NAME = "$(TARGET_NAME)";
				SWIFT_VERSION = 3.0;
			};
			name = Debug;
		};
		9CEA06A91E6D20340021D549 /* Release */ = {
			isa = XCBuildConfiguration;
			buildSettings = {
				ASSETCATALOG_COMPILER_APPICON_NAME = AppIcon;
				DEVELOPMENT_TEAM = 2842XZ94V9;
				INFOPLIST_FILE = OMAM/Info.plist;
				LD_RUNPATH_SEARCH_PATHS = "$(inherited) @executable_path/Frameworks";
				PRODUCT_BUNDLE_IDENTIFIER = com.AmandaSouthworth.OMAM;
				PRODUCT_NAME = "$(TARGET_NAME)";
				SWIFT_VERSION = 3.0;
			};
			name = Release;
		};
/* End XCBuildConfiguration section */

/* Begin XCConfigurationList section */
		9CEA06901E6D20340021D549 /* Build configuration list for PBXProject "OMAM" */ = {
			isa = XCConfigurationList;
			buildConfigurations = (
				9CEA06A51E6D20340021D549 /* Debug */,
				9CEA06A61E6D20340021D549 /* Release */,
			);
			defaultConfigurationIsVisible = 0;
			defaultConfigurationName = Release;
		};
		9CEA06A71E6D20340021D549 /* Build configuration list for PBXNativeTarget "OMAM" */ = {
			isa = XCConfigurationList;
			buildConfigurations = (
				9CEA06A81E6D20340021D549 /* Debug */,
				9CEA06A91E6D20340021D549 /* Release */,
			);
			defaultConfigurationIsVisible = 0;
			defaultConfigurationName = Release;
		};
/* End XCConfigurationList section */
	};
	rootObject = 9CEA068D1E6D20340021D549 /* Project object */;
}
